
Microsoft Visual Studio Solution File, Format Version 12.00
# Visual Studio Version 17
VisualStudioVersion = 17.0.32014.148
MinimumVisualStudioVersion = 10.0.40219.1
Project("{FAE04EC0-301F-11D3-BF4B-00C04F79EFBC}") = "OOP33", "OOP33\OOP33.csproj", "{7C1DC9E3-58F4-4E1D-804C-8AE7E76E4865}"
EndProject
Global
	GlobalSection(SolutionConfigurationPlatforms) = preSolution
		Debug|Any CPU = Debug|Any CPU
		Release|Any CPU = Release|Any CPU
	EndGlobalSection
	GlobalSection(ProjectConfigurationPlatforms) = postSolution
		{7C1DC9E3-58F4-4E1D-804C-8AE7E76E4865}.Debug|Any CPU.ActiveCfg = Debug|Any CPU
		{7C1DC9E3-58F4-4E1D-804C-8AE7E76E4865}.Debug|Any CPU.Build.0 = Debug|Any CPU
		{7C1DC9E3-58F4-4E1D-804C-8AE7E76E4865}.Release|Any CPU.ActiveCfg = Release|Any CPU
		{7C1DC9E3-58F4-4E1D-804C-8AE7E76E4865}.Release|Any CPU.Build.0 = Release|Any CPU
	EndGlobalSection
	GlobalSection(SolutionProperties) = preSolution
		HideSolutionNode = FALSE
	EndGlobalSection
	GlobalSection(ExtensibilityGlobals) = postSolution
		SolutionGuid = {023B66D7-37ED-49E3-BA52-C04ECD91E8D6}
	EndGlobalSection
EndGlobal
